
Microsoft Visual Studio Solution File, Format Version 12.00
# Visual Studio 2012
Project("{FAE04EC0-301F-11D3-BF4B-00C04F79EFBC}") = "MPSpell", "MPSpell.csproj", "{20DAADC5-7AA3-41C8-9E00-6DD917409F1C}"
EndProject
Project("{FAE04EC0-301F-11D3-BF4B-00C04F79EFBC}") = "SpellCheckerConsole", "..\SpellCheckerConsole\SpellCheckerConsole.csproj", "{B66D07CD-5A96-4FCE-9939-3B768431A4DA}"
EndProject
Project("{FAE04EC0-301F-11D3-BF4B-00C04F79EFBC}") = "MPSpellTests", "..\MPSpellTests\MPSpellTests.csproj", "{30613B6D-35B7-4DEC-B722-05FD2776741C}"
EndProject
Project("{FAE04EC0-301F-11D3-BF4B-00C04F79EFBC}") = "MPSpellCorrector", "..\MPSpellCorrector\MPSpellCorrector.csproj", "{B1724DE7-9BEB-40BF-8D58-9968086636A4}"
EndProject
Global
	GlobalSection(SolutionConfigurationPlatforms) = preSolution
		Debug|Any CPU = Debug|Any CPU
		Release|Any CPU = Release|Any CPU
	EndGlobalSection
	GlobalSection(ProjectConfigurationPlatforms) = postSolution
		{20DAADC5-7AA3-41C8-9E00-6DD917409F1C}.Debug|Any CPU.ActiveCfg = Debug|Any CPU
		{20DAADC5-7AA3-41C8-9E00-6DD917409F1C}.Debug|Any CPU.Build.0 = Debug|Any CPU
		{20DAADC5-7AA3-41C8-9E00-6DD917409F1C}.Release|Any CPU.ActiveCfg = Release|Any CPU
		{20DAADC5-7AA3-41C8-9E00-6DD917409F1C}.Release|Any CPU.Build.0 = Release|Any CPU
		{B66D07CD-5A96-4FCE-9939-3B768431A4DA}.Debug|Any CPU.ActiveCfg = Debug|Any CPU
		{B66D07CD-5A96-4FCE-9939-3B768431A4DA}.Debug|Any CPU.Build.0 = Debug|Any CPU
		{B66D07CD-5A96-4FCE-9939-3B768431A4DA}.Release|Any CPU.ActiveCfg = Release|Any CPU
		{B66D07CD-5A96-4FCE-9939-3B768431A4DA}.Release|Any CPU.Build.0 = Release|Any CPU
		{30613B6D-35B7-4DEC-B722-05FD2776741C}.Debug|Any CPU.ActiveCfg = Debug|Any CPU
		{30613B6D-35B7-4DEC-B722-05FD2776741C}.Debug|Any CPU.Build.0 = Debug|Any CPU
		{30613B6D-35B7-4DEC-B722-05FD2776741C}.Release|Any CPU.ActiveCfg = Release|Any CPU
		{30613B6D-35B7-4DEC-B722-05FD2776741C}.Release|Any CPU.Build.0 = Release|Any CPU
		{B1724DE7-9BEB-40BF-8D58-9968086636A4}.Debug|Any CPU.ActiveCfg = Debug|Any CPU
		{B1724DE7-9BEB-40BF-8D58-9968086636A4}.Debug|Any CPU.Build.0 = Debug|Any CPU
		{B1724DE7-9BEB-40BF-8D58-9968086636A4}.Release|Any CPU.ActiveCfg = Release|Any CPU
		{B1724DE7-9BEB-40BF-8D58-9968086636A4}.Release|Any CPU.Build.0 = Release|Any CPU
	EndGlobalSection
	GlobalSection(SolutionProperties) = preSolution
		HideSolutionNode = FALSE
	EndGlobalSection
EndGlobal
